
Microsoft Visual Studio Solution File, Format Version 12.00
# Visual Studio Version 17
VisualStudioVersion = 17.9.34607.119
MinimumVisualStudioVersion = 10.0.40219.1
Project("{2150E333-8FDC-42A3-9474-1A3956D46DE8}") = "Api", "Api", "{F53B93D0-C45E-4A06-88F7-7A56F976A5C7}"
EndProject
Project("{2150E333-8FDC-42A3-9474-1A3956D46DE8}") = "Client", "Client", "{AAF0E433-5A69-4393-B0B8-D577BEFC14FB}"
EndProject
Project("{9A19103F-16F7-4668-BE54-9A1E7A4F7556}") = "DatingApp.Api", "Api\DatingApp.Api\DatingApp.Api.csproj", "{405E959B-171F-4E60-913A-575808D10569}"
EndProject
Project("{2150E333-8FDC-42A3-9474-1A3956D46DE8}") = "Solution Items", "Solution Items", "{48826DF4-715A-430C-9006-660E9BECDA90}"
	ProjectSection(SolutionItems) = preProject
		.editorconfig = .editorconfig
	EndProjectSection
EndProject
Project("{E24C65DC-7377-472B-9ABA-BC803B73C61A}") = "Client", "Client\", "{C4FB0F2C-5B25-437D-9F5C-F58B642AC19E}"
	ProjectSection(WebsiteProperties) = preProject
		TargetFrameworkMoniker = ".NETFramework,Version%3Dv4.0"
		Debug.AspNetCompiler.VirtualPath = "/localhost_54288"
		Debug.AspNetCompiler.PhysicalPath = "Client\"
		Debug.AspNetCompiler.TargetPath = "PrecompiledWeb\localhost_54288\"
		Debug.AspNetCompiler.Updateable = "true"
		Debug.AspNetCompiler.ForceOverwrite = "true"
		Debug.AspNetCompiler.FixedNames = "false"
		Debug.AspNetCompiler.Debug = "True"
		Release.AspNetCompiler.VirtualPath = "/localhost_54288"
		Release.AspNetCompiler.PhysicalPath = "Client\"
		Release.AspNetCompiler.TargetPath = "PrecompiledWeb\localhost_54288\"
		Release.AspNetCompiler.Updateable = "true"
		Release.AspNetCompiler.ForceOverwrite = "true"
		Release.AspNetCompiler.FixedNames = "false"
		Release.AspNetCompiler.Debug = "False"
		VWDPort = "54288"
		SlnRelativePath = "Client\"
	EndProjectSection
EndProject
Project("{2150E333-8FDC-42A3-9474-1A3956D46DE8}") = "Core", "Core", "{E81B1495-E361-476C-9010-CED39BE68AC8}"
EndProject
Project("{2150E333-8FDC-42A3-9474-1A3956D46DE8}") = "Infrastructure", "Infrastructure", "{95F4183B-CB34-47B9-AC31-CCD235CFC848}"
EndProject
Project("{FAE04EC0-301F-11D3-BF4B-00C04F79EFBC}") = "DatingApp.Domain", "Api\Core\DatingApp.Domain\DatingApp.Domain.csproj", "{17115796-3406-4FB5-BF61-F75C879A7283}"
EndProject
Project("{FAE04EC0-301F-11D3-BF4B-00C04F79EFBC}") = "DatingApp.Application", "Api\Core\DatingApp.Application\DatingApp.Application.csproj", "{65544747-2185-4BE7-90F2-AB79291452DB}"
EndProject
Project("{FAE04EC0-301F-11D3-BF4B-00C04F79EFBC}") = "DatingApp.Infrastructure", "Api\Infrastructure\DatingApp.Infrastructure\DatingApp.Infrastructure.csproj", "{26F7780F-EEAC-41D8-A3FC-AF251E99E93F}"
EndProject
Project("{FAE04EC0-301F-11D3-BF4B-00C04F79EFBC}") = "DatingApp.Persistence", "Api\Infrastructure\DatingApp.Persistence\DatingApp.Persistence.csproj", "{3AAC1D48-07EB-41EE-9F23-E0448DD7D8FD}"
EndProject
Project("{2150E333-8FDC-42A3-9474-1A3956D46DE8}") = "Shared", "Shared", "{BB3E9DCC-7CE1-406D-8C9B-F8EC52D343FE}"
EndProject
Project("{FAE04EC0-301F-11D3-BF4B-00C04F79EFBC}") = "DatingApp.Common", "Shared\DatingApp.Common\DatingApp.Common.csproj", "{5B4480B1-882C-4860-A992-9E401F9DA8E3}"
EndProject
Global
	GlobalSection(SolutionConfigurationPlatforms) = preSolution
		Debug|Any CPU = Debug|Any CPU
		Release|Any CPU = Release|Any CPU
	EndGlobalSection
	GlobalSection(ProjectConfigurationPlatforms) = postSolution
		{405E959B-171F-4E60-913A-575808D10569}.Debug|Any CPU.ActiveCfg = Debug|Any CPU
		{405E959B-171F-4E60-913A-575808D10569}.Debug|Any CPU.Build.0 = Debug|Any CPU
		{405E959B-171F-4E60-913A-575808D10569}.Release|Any CPU.ActiveCfg = Release|Any CPU
		{405E959B-171F-4E60-913A-575808D10569}.Release|Any CPU.Build.0 = Release|Any CPU
		{C4FB0F2C-5B25-437D-9F5C-F58B642AC19E}.Debug|Any CPU.ActiveCfg = Debug|Any CPU
		{C4FB0F2C-5B25-437D-9F5C-F58B642AC19E}.Debug|Any CPU.Build.0 = Debug|Any CPU
		{C4FB0F2C-5B25-437D-9F5C-F58B642AC19E}.Release|Any CPU.ActiveCfg = Debug|Any CPU
		{C4FB0F2C-5B25-437D-9F5C-F58B642AC19E}.Release|Any CPU.Build.0 = Debug|Any CPU
		{17115796-3406-4FB5-BF61-F75C879A7283}.Debug|Any CPU.ActiveCfg = Debug|Any CPU
		{17115796-3406-4FB5-BF61-F75C879A7283}.Debug|Any CPU.Build.0 = Debug|Any CPU
		{17115796-3406-4FB5-BF61-F75C879A7283}.Release|Any CPU.ActiveCfg = Release|Any CPU
		{17115796-3406-4FB5-BF61-F75C879A7283}.Release|Any CPU.Build.0 = Release|Any CPU
		{65544747-2185-4BE7-90F2-AB79291452DB}.Debug|Any CPU.ActiveCfg = Debug|Any CPU
		{65544747-2185-4BE7-90F2-AB79291452DB}.Debug|Any CPU.Build.0 = Debug|Any CPU
		{65544747-2185-4BE7-90F2-AB79291452DB}.Release|Any CPU.ActiveCfg = Release|Any CPU
		{65544747-2185-4BE7-90F2-AB79291452DB}.Release|Any CPU.Build.0 = Release|Any CPU
		{26F7780F-EEAC-41D8-A3FC-AF251E99E93F}.Debug|Any CPU.ActiveCfg = Debug|Any CPU
		{26F7780F-EEAC-41D8-A3FC-AF251E99E93F}.Debug|Any CPU.Build.0 = Debug|Any CPU
		{26F7780F-EEAC-41D8-A3FC-AF251E99E93F}.Release|Any CPU.ActiveCfg = Release|Any CPU
		{26F7780F-EEAC-41D8-A3FC-AF251E99E93F}.Release|Any CPU.Build.0 = Release|Any CPU
		{3AAC1D48-07EB-41EE-9F23-E0448DD7D8FD}.Debug|Any CPU.ActiveCfg = Debug|Any CPU
		{3AAC1D48-07EB-41EE-9F23-E0448DD7D8FD}.Debug|Any CPU.Build.0 = Debug|Any CPU
		{3AAC1D48-07EB-41EE-9F23-E0448DD7D8FD}.Release|Any CPU.ActiveCfg = Release|Any CPU
		{3AAC1D48-07EB-41EE-9F23-E0448DD7D8FD}.Release|Any CPU.Build.0 = Release|Any CPU
		{5B4480B1-882C-4860-A992-9E401F9DA8E3}.Debug|Any CPU.ActiveCfg = Debug|Any CPU
		{5B4480B1-882C-4860-A992-9E401F9DA8E3}.Debug|Any CPU.Build.0 = Debug|Any CPU
		{5B4480B1-882C-4860-A992-9E401F9DA8E3}.Release|Any CPU.ActiveCfg = Release|Any CPU
		{5B4480B1-882C-4860-A992-9E401F9DA8E3}.Release|Any CPU.Build.0 = Release|Any CPU
	EndGlobalSection
	GlobalSection(SolutionProperties) = preSolution
		HideSolutionNode = FALSE
	EndGlobalSection
	GlobalSection(NestedProjects) = preSolution
		{405E959B-171F-4E60-913A-575808D10569} = {F53B93D0-C45E-4A06-88F7-7A56F976A5C7}
		{C4FB0F2C-5B25-437D-9F5C-F58B642AC19E} = {AAF0E433-5A69-4393-B0B8-D577BEFC14FB}
		{E81B1495-E361-476C-9010-CED39BE68AC8} = {F53B93D0-C45E-4A06-88F7-7A56F976A5C7}
		{95F4183B-CB34-47B9-AC31-CCD235CFC848} = {F53B93D0-C45E-4A06-88F7-7A56F976A5C7}
		{17115796-3406-4FB5-BF61-F75C879A7283} = {E81B1495-E361-476C-9010-CED39BE68AC8}
		{65544747-2185-4BE7-90F2-AB79291452DB} = {E81B1495-E361-476C-9010-CED39BE68AC8}
		{26F7780F-EEAC-41D8-A3FC-AF251E99E93F} = {95F4183B-CB34-47B9-AC31-CCD235CFC848}
		{3AAC1D48-07EB-41EE-9F23-E0448DD7D8FD} = {95F4183B-CB34-47B9-AC31-CCD235CFC848}
		{BB3E9DCC-7CE1-406D-8C9B-F8EC52D343FE} = {F53B93D0-C45E-4A06-88F7-7A56F976A5C7}
		{5B4480B1-882C-4860-A992-9E401F9DA8E3} = {BB3E9DCC-7CE1-406D-8C9B-F8EC52D343FE}
	EndGlobalSection
	GlobalSection(ExtensibilityGlobals) = postSolution
		SolutionGuid = {19AEE283-5795-43E3-B7AB-6904B9DA1C1B}
	EndGlobalSection
EndGlobal
